
Microsoft Visual Studio Solution File, Format Version 12.00
# Visual Studio Version 16
VisualStudioVersion = 16.0.30114.105
MinimumVisualStudioVersion = 10.0.40219.1
Project("{F2A71F9B-5D33-465A-A702-920D77279786}") = "Giraffe.API", "Giraffe.API\Giraffe.API.fsproj", "{F80FEDC2-CDFA-4A65-BDFB-6B856EE54855}"
EndProject
Project("{F2A71F9B-5D33-465A-A702-920D77279786}") = "App", "Frontent.Web\src\App.fsproj", "{C189629B-52A2-4226-A532-83897B72DCA4}"
EndProject
Global
	GlobalSection(SolutionConfigurationPlatforms) = preSolution
		Debug|Any CPU = Debug|Any CPU
		Release|Any CPU = Release|Any CPU
	EndGlobalSection
	GlobalSection(SolutionProperties) = preSolution
		HideSolutionNode = FALSE
	EndGlobalSection
	GlobalSection(ProjectConfigurationPlatforms) = postSolution
		{F80FEDC2-CDFA-4A65-BDFB-6B856EE54855}.Debug|Any CPU.ActiveCfg = Debug|Any CPU
		{F80FEDC2-CDFA-4A65-BDFB-6B856EE54855}.Debug|Any CPU.Build.0 = Debug|Any CPU
		{F80FEDC2-CDFA-4A65-BDFB-6B856EE54855}.Release|Any CPU.ActiveCfg = Release|Any CPU
		{F80FEDC2-CDFA-4A65-BDFB-6B856EE54855}.Release|Any CPU.Build.0 = Release|Any CPU
		{C189629B-52A2-4226-A532-83897B72DCA4}.Debug|Any CPU.ActiveCfg = Debug|Any CPU
		{C189629B-52A2-4226-A532-83897B72DCA4}.Debug|Any CPU.Build.0 = Debug|Any CPU
		{C189629B-52A2-4226-A532-83897B72DCA4}.Release|Any CPU.ActiveCfg = Release|Any CPU
		{C189629B-52A2-4226-A532-83897B72DCA4}.Release|Any CPU.Build.0 = Release|Any CPU
	EndGlobalSection
EndGlobal
